
Microsoft Visual Studio Solution File, Format Version 12.00
# Visual Studio 15
VisualStudioVersion = 15.0.27130.2027
MinimumVisualStudioVersion = 10.0.40219.1
Project("{FAE04EC0-301F-11D3-BF4B-00C04F79EFBC}") = "MVC_0411", "MVC_0411\MVC_0411.csproj", "{5F8BFF25-C59B-403D-8065-46CCB00BF232}"
EndProject
Global
	GlobalSection(SolutionConfigurationPlatforms) = preSolution
		Debug|Any CPU = Debug|Any CPU
		Release|Any CPU = Release|Any CPU
	EndGlobalSection
	GlobalSection(ProjectConfigurationPlatforms) = postSolution
		{5F8BFF25-C59B-403D-8065-46CCB00BF232}.Debug|Any CPU.ActiveCfg = Debug|Any CPU
		{5F8BFF25-C59B-403D-8065-46CCB00BF232}.Debug|Any CPU.Build.0 = Debug|Any CPU
		{5F8BFF25-C59B-403D-8065-46CCB00BF232}.Release|Any CPU.ActiveCfg = Release|Any CPU
		{5F8BFF25-C59B-403D-8065-46CCB00BF232}.Release|Any CPU.Build.0 = Release|Any CPU
	EndGlobalSection
	GlobalSection(SolutionProperties) = preSolution
		HideSolutionNode = FALSE
	EndGlobalSection
	GlobalSection(ExtensibilityGlobals) = postSolution
		SolutionGuid = {A3EA83EF-B9CF-4FF9-95C6-AE13E0B6B67C}
	EndGlobalSection
EndGlobal
